
Microsoft Visual Studio Solution File, Format Version 12.00
# Visual Studio 15
VisualStudioVersion = 15.0.28307.168
MinimumVisualStudioVersion = 10.0.40219.1
Project("{8BC9CEB8-8B4A-11D0-8D11-00A0C91BC942}") = "20200515", "20200515\20200515.vcxproj", "{37B644DB-1E45-4D40-835F-A86311F03B06}"
EndProject
Global
	GlobalSection(SolutionConfigurationPlatforms) = preSolution
		Debug|x64 = Debug|x64
		Debug|x86 = Debug|x86
		Release|x64 = Release|x64
		Release|x86 = Release|x86
	EndGlobalSection
	GlobalSection(ProjectConfigurationPlatforms) = postSolution
		{37B644DB-1E45-4D40-835F-A86311F03B06}.Debug|x64.ActiveCfg = Debug|x64
		{37B644DB-1E45-4D40-835F-A86311F03B06}.Debug|x64.Build.0 = Debug|x64
		{37B644DB-1E45-4D40-835F-A86311F03B06}.Debug|x86.ActiveCfg = Debug|Win32
		{37B644DB-1E45-4D40-835F-A86311F03B06}.Debug|x86.Build.0 = Debug|Win32
		{37B644DB-1E45-4D40-835F-A86311F03B06}.Release|x64.ActiveCfg = Release|x64
		{37B644DB-1E45-4D40-835F-A86311F03B06}.Release|x64.Build.0 = Release|x64
		{37B644DB-1E45-4D40-835F-A86311F03B06}.Release|x86.ActiveCfg = Release|Win32
		{37B644DB-1E45-4D40-835F-A86311F03B06}.Release|x86.Build.0 = Release|Win32
	EndGlobalSection
	GlobalSection(SolutionProperties) = preSolution
		HideSolutionNode = FALSE
	EndGlobalSection
	GlobalSection(ExtensibilityGlobals) = postSolution
		SolutionGuid = {DB04C9F3-8A0E-43AE-B970-FF836DE41BFD}
	EndGlobalSection
EndGlobal
