
Microsoft Visual Studio Solution File, Format Version 12.00
# Visual Studio 15
VisualStudioVersion = 15.0.28307.168
MinimumVisualStudioVersion = 10.0.40219.1
Project("{8BC9CEB8-8B4A-11D0-8D11-00A0C91BC942}") = "20200523", "20200523\20200523.vcxproj", "{EE21623D-D250-411A-8066-455CBDC1B44D}"
EndProject
Global
	GlobalSection(SolutionConfigurationPlatforms) = preSolution
		Debug|x64 = Debug|x64
		Debug|x86 = Debug|x86
		Release|x64 = Release|x64
		Release|x86 = Release|x86
	EndGlobalSection
	GlobalSection(ProjectConfigurationPlatforms) = postSolution
		{EE21623D-D250-411A-8066-455CBDC1B44D}.Debug|x64.ActiveCfg = Debug|x64
		{EE21623D-D250-411A-8066-455CBDC1B44D}.Debug|x64.Build.0 = Debug|x64
		{EE21623D-D250-411A-8066-455CBDC1B44D}.Debug|x86.ActiveCfg = Debug|Win32
		{EE21623D-D250-411A-8066-455CBDC1B44D}.Debug|x86.Build.0 = Debug|Win32
		{EE21623D-D250-411A-8066-455CBDC1B44D}.Release|x64.ActiveCfg = Release|x64
		{EE21623D-D250-411A-8066-455CBDC1B44D}.Release|x64.Build.0 = Release|x64
		{EE21623D-D250-411A-8066-455CBDC1B44D}.Release|x86.ActiveCfg = Release|Win32
		{EE21623D-D250-411A-8066-455CBDC1B44D}.Release|x86.Build.0 = Release|Win32
	EndGlobalSection
	GlobalSection(SolutionProperties) = preSolution
		HideSolutionNode = FALSE
	EndGlobalSection
	GlobalSection(ExtensibilityGlobals) = postSolution
		SolutionGuid = {78A392C9-FCC6-45A4-9CA5-3CB771C3DE4F}
	EndGlobalSection
EndGlobal
