
Microsoft Visual Studio Solution File, Format Version 12.00
# Visual Studio 15
VisualStudioVersion = 15.0.28307.168
MinimumVisualStudioVersion = 10.0.40219.1
Project("{8BC9CEB8-8B4A-11D0-8D11-00A0C91BC942}") = "20200516", "20200516\20200516.vcxproj", "{317BC0B4-2CBD-4EE7-B397-64357032385C}"
EndProject
Global
	GlobalSection(SolutionConfigurationPlatforms) = preSolution
		Debug|x64 = Debug|x64
		Debug|x86 = Debug|x86
		Release|x64 = Release|x64
		Release|x86 = Release|x86
	EndGlobalSection
	GlobalSection(ProjectConfigurationPlatforms) = postSolution
		{317BC0B4-2CBD-4EE7-B397-64357032385C}.Debug|x64.ActiveCfg = Debug|x64
		{317BC0B4-2CBD-4EE7-B397-64357032385C}.Debug|x64.Build.0 = Debug|x64
		{317BC0B4-2CBD-4EE7-B397-64357032385C}.Debug|x86.ActiveCfg = Debug|Win32
		{317BC0B4-2CBD-4EE7-B397-64357032385C}.Debug|x86.Build.0 = Debug|Win32
		{317BC0B4-2CBD-4EE7-B397-64357032385C}.Release|x64.ActiveCfg = Release|x64
		{317BC0B4-2CBD-4EE7-B397-64357032385C}.Release|x64.Build.0 = Release|x64
		{317BC0B4-2CBD-4EE7-B397-64357032385C}.Release|x86.ActiveCfg = Release|Win32
		{317BC0B4-2CBD-4EE7-B397-64357032385C}.Release|x86.Build.0 = Release|Win32
	EndGlobalSection
	GlobalSection(SolutionProperties) = preSolution
		HideSolutionNode = FALSE
	EndGlobalSection
	GlobalSection(ExtensibilityGlobals) = postSolution
		SolutionGuid = {99AA31EC-5FE3-42EF-90C6-5F7F0CC5FECB}
	EndGlobalSection
EndGlobal
