
Microsoft Visual Studio Solution File, Format Version 12.00
# Visual Studio 15
VisualStudioVersion = 15.0.28307.168
MinimumVisualStudioVersion = 10.0.40219.1
Project("{8BC9CEB8-8B4A-11D0-8D11-00A0C91BC942}") = "20200517", "20200517\20200517.vcxproj", "{F209BDCD-322D-4E78-9098-E003D230072E}"
EndProject
Global
	GlobalSection(SolutionConfigurationPlatforms) = preSolution
		Debug|x64 = Debug|x64
		Debug|x86 = Debug|x86
		Release|x64 = Release|x64
		Release|x86 = Release|x86
	EndGlobalSection
	GlobalSection(ProjectConfigurationPlatforms) = postSolution
		{F209BDCD-322D-4E78-9098-E003D230072E}.Debug|x64.ActiveCfg = Debug|x64
		{F209BDCD-322D-4E78-9098-E003D230072E}.Debug|x64.Build.0 = Debug|x64
		{F209BDCD-322D-4E78-9098-E003D230072E}.Debug|x86.ActiveCfg = Debug|Win32
		{F209BDCD-322D-4E78-9098-E003D230072E}.Debug|x86.Build.0 = Debug|Win32
		{F209BDCD-322D-4E78-9098-E003D230072E}.Release|x64.ActiveCfg = Release|x64
		{F209BDCD-322D-4E78-9098-E003D230072E}.Release|x64.Build.0 = Release|x64
		{F209BDCD-322D-4E78-9098-E003D230072E}.Release|x86.ActiveCfg = Release|Win32
		{F209BDCD-322D-4E78-9098-E003D230072E}.Release|x86.Build.0 = Release|Win32
	EndGlobalSection
	GlobalSection(SolutionProperties) = preSolution
		HideSolutionNode = FALSE
	EndGlobalSection
	GlobalSection(ExtensibilityGlobals) = postSolution
		SolutionGuid = {13B4EA42-5F41-4DF7-B9B6-BC94E22109D5}
	EndGlobalSection
EndGlobal
