
Microsoft Visual Studio Solution File, Format Version 12.00
# Visual Studio 15
VisualStudioVersion = 15.0.28307.168
MinimumVisualStudioVersion = 10.0.40219.1
Project("{8BC9CEB8-8B4A-11D0-8D11-00A0C91BC942}") = "20200513", "20200513\20200513.vcxproj", "{9ADC50C6-1EC8-431C-8A53-BFFDB1A5313A}"
EndProject
Global
	GlobalSection(SolutionConfigurationPlatforms) = preSolution
		Debug|x64 = Debug|x64
		Debug|x86 = Debug|x86
		Release|x64 = Release|x64
		Release|x86 = Release|x86
	EndGlobalSection
	GlobalSection(ProjectConfigurationPlatforms) = postSolution
		{9ADC50C6-1EC8-431C-8A53-BFFDB1A5313A}.Debug|x64.ActiveCfg = Debug|x64
		{9ADC50C6-1EC8-431C-8A53-BFFDB1A5313A}.Debug|x64.Build.0 = Debug|x64
		{9ADC50C6-1EC8-431C-8A53-BFFDB1A5313A}.Debug|x86.ActiveCfg = Debug|Win32
		{9ADC50C6-1EC8-431C-8A53-BFFDB1A5313A}.Debug|x86.Build.0 = Debug|Win32
		{9ADC50C6-1EC8-431C-8A53-BFFDB1A5313A}.Release|x64.ActiveCfg = Release|x64
		{9ADC50C6-1EC8-431C-8A53-BFFDB1A5313A}.Release|x64.Build.0 = Release|x64
		{9ADC50C6-1EC8-431C-8A53-BFFDB1A5313A}.Release|x86.ActiveCfg = Release|Win32
		{9ADC50C6-1EC8-431C-8A53-BFFDB1A5313A}.Release|x86.Build.0 = Release|Win32
	EndGlobalSection
	GlobalSection(SolutionProperties) = preSolution
		HideSolutionNode = FALSE
	EndGlobalSection
	GlobalSection(ExtensibilityGlobals) = postSolution
		SolutionGuid = {D180BF13-9661-4C98-9EAA-C1F6676B8124}
	EndGlobalSection
EndGlobal
